
Microsoft Visual Studio Solution File, Format Version 12.00
# Visual Studio 14
VisualStudioVersion = 14.0.23107.0
MinimumVisualStudioVersion = 10.0.40219.1
Project("{FAE04EC0-301F-11D3-BF4B-00C04F79EFBC}") = "GameClient", "GameClient\GameClient.csproj", "{21CA2AF9-D27E-4692-B25B-1DAD2D9E3C1B}"
EndProject
Project("{FAE04EC0-301F-11D3-BF4B-00C04F79EFBC}") = "UnitTestGameClient", "UnitTestGameClient\UnitTestGameClient.csproj", "{E1317531-B691-436F-A075-9387E9A3C2ED}"
EndProject
Global
	GlobalSection(SolutionConfigurationPlatforms) = preSolution
		Debug|Any CPU = Debug|Any CPU
		Release|Any CPU = Release|Any CPU
	EndGlobalSection
	GlobalSection(ProjectConfigurationPlatforms) = postSolution
		{21CA2AF9-D27E-4692-B25B-1DAD2D9E3C1B}.Debug|Any CPU.ActiveCfg = Debug|Any CPU
		{21CA2AF9-D27E-4692-B25B-1DAD2D9E3C1B}.Debug|Any CPU.Build.0 = Debug|Any CPU
		{21CA2AF9-D27E-4692-B25B-1DAD2D9E3C1B}.Release|Any CPU.ActiveCfg = Release|Any CPU
		{21CA2AF9-D27E-4692-B25B-1DAD2D9E3C1B}.Release|Any CPU.Build.0 = Release|Any CPU
		{E1317531-B691-436F-A075-9387E9A3C2ED}.Debug|Any CPU.ActiveCfg = Debug|Any CPU
		{E1317531-B691-436F-A075-9387E9A3C2ED}.Debug|Any CPU.Build.0 = Debug|Any CPU
		{E1317531-B691-436F-A075-9387E9A3C2ED}.Release|Any CPU.ActiveCfg = Release|Any CPU
		{E1317531-B691-436F-A075-9387E9A3C2ED}.Release|Any CPU.Build.0 = Release|Any CPU
	EndGlobalSection
	GlobalSection(SolutionProperties) = preSolution
		HideSolutionNode = FALSE
	EndGlobalSection
EndGlobal
